{
  "name": "bootstrap-dashboard",
  "version": "1.0.3",
  "lockfileVersion": 1,
  "requires": true,
  "dependencies": {
    "civilized": {
      "version": "1.0.2",
      "resolved": "https://registry.npmjs.org/civilized/-/civilized-1.0.2.tgz",
      "integrity": "sha512-O2pVWMyw5o3SD6OG3pxvr7HazvgYDZXGgO3DHPsd0Tis9415r95c+np8dQufRtqmfRQ8eLGLIdpN6EXMaYG/fQ==",
      "requires": {
        "xregexp": "3.2.0"
      }
    },
    "faker": {
      "version": "4.1.0",
      "resolved": "https://registry.npmjs.org/faker/-/faker-4.1.0.tgz",
      "integrity": "sha1-HkW7vsxndLPBlfrSg1EJxtdIzD8="
    },
    "xregexp": {
      "version": "3.2.0",
      "resolved": "https://registry.npmjs.org/xregexp/-/xregexp-3.2.0.tgz",
      "integrity": "sha1-yzYBmHv+JpW1hAAMGPHEqMMih44="
    }
  }
}
